
Microsoft Visual Studio Solution File, Format Version 12.00
# Visual Studio 15
VisualStudioVersion = 15.0.27703.2035
MinimumVisualStudioVersion = 10.0.40219.1
Project("{FAE04EC0-301F-11D3-BF4B-00C04F79EFBC}") = "FoodMonk.RecipeBlog.Console", "FoodMonk.RecipeBlog.Console\FoodMonk.RecipeBlog.Console.csproj", "{826626C8-EFE3-4409-8882-FF799004CABF}"
EndProject
Global
	GlobalSection(SolutionConfigurationPlatforms) = preSolution
		Debug|Any CPU = Debug|Any CPU
		Release|Any CPU = Release|Any CPU
	EndGlobalSection
	GlobalSection(ProjectConfigurationPlatforms) = postSolution
		{826626C8-EFE3-4409-8882-FF799004CABF}.Debug|Any CPU.ActiveCfg = Debug|Any CPU
		{826626C8-EFE3-4409-8882-FF799004CABF}.Debug|Any CPU.Build.0 = Debug|Any CPU
		{826626C8-EFE3-4409-8882-FF799004CABF}.Release|Any CPU.ActiveCfg = Release|Any CPU
		{826626C8-EFE3-4409-8882-FF799004CABF}.Release|Any CPU.Build.0 = Release|Any CPU
	EndGlobalSection
	GlobalSection(SolutionProperties) = preSolution
		HideSolutionNode = FALSE
	EndGlobalSection
	GlobalSection(ExtensibilityGlobals) = postSolution
		SolutionGuid = {DAF7CA82-AD3F-41E6-B0DF-9A0224AF7C29}
	EndGlobalSection
EndGlobal
